
Microsoft Visual Studio Solution File, Format Version 12.00
# Visual Studio Version 17
VisualStudioVersion = 17.4.33122.133
MinimumVisualStudioVersion = 10.0.40219.1
Project("{FAE04EC0-301F-11D3-BF4B-00C04F79EFBC}") = "timp_lab2", "timp_lab2\timp_lab2.csproj", "{78ACAC3B-CA14-47B0-8ADC-3C0E3FE554D0}"
EndProject
Global
	GlobalSection(SolutionConfigurationPlatforms) = preSolution
		Debug|Any CPU = Debug|Any CPU
		Release|Any CPU = Release|Any CPU
	EndGlobalSection
	GlobalSection(ProjectConfigurationPlatforms) = postSolution
		{78ACAC3B-CA14-47B0-8ADC-3C0E3FE554D0}.Debug|Any CPU.ActiveCfg = Debug|Any CPU
		{78ACAC3B-CA14-47B0-8ADC-3C0E3FE554D0}.Debug|Any CPU.Build.0 = Debug|Any CPU
		{78ACAC3B-CA14-47B0-8ADC-3C0E3FE554D0}.Release|Any CPU.ActiveCfg = Release|Any CPU
		{78ACAC3B-CA14-47B0-8ADC-3C0E3FE554D0}.Release|Any CPU.Build.0 = Release|Any CPU
	EndGlobalSection
	GlobalSection(SolutionProperties) = preSolution
		HideSolutionNode = FALSE
	EndGlobalSection
	GlobalSection(ExtensibilityGlobals) = postSolution
		SolutionGuid = {0F1A41BD-6D50-433B-A355-B405173D7950}
	EndGlobalSection
EndGlobal
